
Microsoft Visual Studio Solution File, Format Version 12.00
# Visual Studio Version 17
VisualStudioVersion = 17.1.32328.378
MinimumVisualStudioVersion = 10.0.40219.1
Project("{FAE04EC0-301F-11D3-BF4B-00C04F79EFBC}") = "Sahinbey.Siramatik", "Sahinbey.Siramatik\Sahinbey.Siramatik.csproj", "{A93B79B1-7064-4149-A19C-6EE4E3A194DC}"
EndProject
Global
	GlobalSection(SolutionConfigurationPlatforms) = preSolution
		Debug|Any CPU = Debug|Any CPU
		Release|Any CPU = Release|Any CPU
	EndGlobalSection
	GlobalSection(ProjectConfigurationPlatforms) = postSolution
		{A93B79B1-7064-4149-A19C-6EE4E3A194DC}.Debug|Any CPU.ActiveCfg = Debug|Any CPU
		{A93B79B1-7064-4149-A19C-6EE4E3A194DC}.Debug|Any CPU.Build.0 = Debug|Any CPU
		{A93B79B1-7064-4149-A19C-6EE4E3A194DC}.Release|Any CPU.ActiveCfg = Release|Any CPU
		{A93B79B1-7064-4149-A19C-6EE4E3A194DC}.Release|Any CPU.Build.0 = Release|Any CPU
	EndGlobalSection
	GlobalSection(SolutionProperties) = preSolution
		HideSolutionNode = FALSE
	EndGlobalSection
	GlobalSection(ExtensibilityGlobals) = postSolution
		SolutionGuid = {96B341D7-DC09-4064-945A-DD73C828C82E}
	EndGlobalSection
EndGlobal
